// !$*UTF8*$!
{
	archiveVersion = 1;
	classes = {
	};
	objectVersion = 46;
	objects = {

/* Begin PBXBuildFile section */
		1DDD582C0DA1D0D100B32029 /* ModeMakerDoc.xib in Resources */ = {isa = PBXBuildFile; fileRef = 1DDD58280DA1D0D100B32029 /* ModeMakerDoc.xib */; };
		1DDD582D0DA1D0D100B32029 /* MainMenu.xib in Resources */ = {isa = PBXBuildFile; fileRef = 1DDD582A0DA1D0D100B32029 /* MainMenu.xib */; };
		551A2AF5106881C2001510D1 /* StepValueTranformer.m in Sources */ = {isa = PBXBuildFile; fileRef = 551A2AF0106881C2001510D1 /* StepValueTranformer.m */; };
		55357AD9106B51E100FB1FB2 /* ModeMakerDocIcon.icns in Resources */ = {isa = PBXBuildFile; fileRef = 55357AD7106B51E100FB1FB2 /* ModeMakerDocIcon.icns */; };
		55357ADA106B51E100FB1FB2 /* ModeMakerIcon.icns in Resources */ = {isa = PBXBuildFile; fileRef = 55357AD8106B51E100FB1FB2 /* ModeMakerIcon.icns */; };
		556BC2CB10716588009744A7 /* ModeMakerHelp in Resources */ = {isa = PBXBuildFile; fileRef = 556BC2B510716588009744A7 /* ModeMakerHelp */; };
		55E34FC410781395006A1470 /* BlobParticle.m in Sources */ = {isa = PBXBuildFile; fileRef = 55E34FB310781395006A1470 /* BlobParticle.m */; };
		55E34FC510781395006A1470 /* OvalParticle.m in Sources */ = {isa = PBXBuildFile; fileRef = 55E34FB510781395006A1470 /* OvalParticle.m */; };
		55E34FC610781395006A1470 /* ModeImageView.m in Sources */ = {isa = PBXBuildFile; fileRef = 55E34FB710781395006A1470 /* ModeImageView.m */; };
		55E34FC710781395006A1470 /* Particle.m in Sources */ = {isa = PBXBuildFile; fileRef = 55E34FB910781395006A1470 /* Particle.m */; };
		55E34FC810781395006A1470 /* Phase.m in Sources */ = {isa = PBXBuildFile; fileRef = 55E34FBB10781395006A1470 /* Phase.m */; };
		55E34FC910781395006A1470 /* PolygonParticle.m in Sources */ = {isa = PBXBuildFile; fileRef = 55E34FBD10781395006A1470 /* PolygonParticle.m */; };
		55E34FCA10781395006A1470 /* RectangleParticle.m in Sources */ = {isa = PBXBuildFile; fileRef = 55E34FBF10781395006A1470 /* RectangleParticle.m */; };
		8D15AC2C0486D014006FF6A4 /* Credits.rtf in Resources */ = {isa = PBXBuildFile; fileRef = 2A37F4B9FDCFA73011CA2CEA /* Credits.rtf */; };
		8D15AC2F0486D014006FF6A4 /* InfoPlist.strings in Resources */ = {isa = PBXBuildFile; fileRef = 089C165FFE840EACC02AAC07 /* InfoPlist.strings */; };
		8D15AC310486D014006FF6A4 /* ModeMakerDoc.m in Sources */ = {isa = PBXBuildFile; fileRef = 2A37F4ACFDCFA73011CA2CEA /* ModeMakerDoc.m */; settings = {ATTRIBUTES = (); }; };
		8D15AC320486D014006FF6A4 /* main.m in Sources */ = {isa = PBXBuildFile; fileRef = 2A37F4B0FDCFA73011CA2CEA /* main.m */; settings = {ATTRIBUTES = (); }; };
		8D15AC340486D014006FF6A4 /* Cocoa.framework in Frameworks */ = {isa = PBXBuildFile; fileRef = 1058C7A7FEA54F5311CA2CBB /* Cocoa.framework */; };
/* End PBXBuildFile section */

/* Begin PBXFileReference section */
		089C1660FE840EACC02AAC07 /* English */ = {isa = PBXFileReference; fileEncoding = 10; lastKnownFileType = text.plist.strings; name = English; path = English.lproj/InfoPlist.strings; sourceTree = "<group>"; };
		1058C7A7FEA54F5311CA2CBB /* Cocoa.framework */ = {isa = PBXFileReference; lastKnownFileType = wrapper.framework; name = Cocoa.framework; path = /System/Library/Frameworks/Cocoa.framework; sourceTree = "<absolute>"; };
		13E42FBA07B3F13500E4EEF1 /* CoreData.framework */ = {isa = PBXFileReference; lastKnownFileType = wrapper.framework; name = CoreData.framework; path = /System/Library/Frameworks/CoreData.framework; sourceTree = "<absolute>"; };
		1DDD58290DA1D0D100B32029 /* English */ = {isa = PBXFileReference; lastKnownFileType = file.xib; name = English; path = English.lproj/ModeMakerDoc.xib; sourceTree = "<group>"; };
		1DDD582B0DA1D0D100B32029 /* English */ = {isa = PBXFileReference; lastKnownFileType = file.xib; name = English; path = English.lproj/MainMenu.xib; sourceTree = "<group>"; };
		2A37F4ACFDCFA73011CA2CEA /* ModeMakerDoc.m */ = {isa = PBXFileReference; fileEncoding = 4; lastKnownFileType = sourcecode.c.objc; path = ModeMakerDoc.m; sourceTree = "<group>"; };
		2A37F4AEFDCFA73011CA2CEA /* ModeMakerDoc.h */ = {isa = PBXFileReference; fileEncoding = 4; lastKnownFileType = sourcecode.c.h; path = ModeMakerDoc.h; sourceTree = "<group>"; };
		2A37F4B0FDCFA73011CA2CEA /* main.m */ = {isa = PBXFileReference; fileEncoding = 4; lastKnownFileType = sourcecode.c.objc; path = main.m; sourceTree = "<group>"; };
		2A37F4BAFDCFA73011CA2CEA /* English */ = {isa = PBXFileReference; lastKnownFileType = text.rtf; name = English; path = English.lproj/Credits.rtf; sourceTree = "<group>"; };
		2A37F4C4FDCFA73011CA2CEA /* AppKit.framework */ = {isa = PBXFileReference; lastKnownFileType = wrapper.framework; name = AppKit.framework; path = /System/Library/Frameworks/AppKit.framework; sourceTree = "<absolute>"; };
		2A37F4C5FDCFA73011CA2CEA /* Foundation.framework */ = {isa = PBXFileReference; lastKnownFileType = wrapper.framework; name = Foundation.framework; path = /System/Library/Frameworks/Foundation.framework; sourceTree = "<absolute>"; };
		32DBCF750370BD2300C91783 /* ModeMaker_Prefix.pch */ = {isa = PBXFileReference; fileEncoding = 4; lastKnownFileType = sourcecode.c.h; path = ModeMaker_Prefix.pch; sourceTree = "<group>"; };
		551A2AEF106881C2001510D1 /* StepValueTranformer.h */ = {isa = PBXFileReference; fileEncoding = 4; lastKnownFileType = sourcecode.c.h; path = StepValueTranformer.h; sourceTree = "<group>"; };
		551A2AF0106881C2001510D1 /* StepValueTranformer.m */ = {isa = PBXFileReference; fileEncoding = 4; lastKnownFileType = sourcecode.c.objc; path = StepValueTranformer.m; sourceTree = "<group>"; };
		55357661106A963A00FB1FB2 /* constants.h */ = {isa = PBXFileReference; fileEncoding = 4; lastKnownFileType = sourcecode.c.h; path = constants.h; sourceTree = "<group>"; };
		5535789B106AE16B00FB1FB2 /* ToDo */ = {isa = PBXFileReference; fileEncoding = 4; lastKnownFileType = text; path = ToDo; sourceTree = "<group>"; };
		55357AD7106B51E100FB1FB2 /* ModeMakerDocIcon.icns */ = {isa = PBXFileReference; lastKnownFileType = image.icns; name = ModeMakerDocIcon.icns; path = Ancillaries/ModeMakerDocIcon.icns; sourceTree = "<group>"; };
		55357AD8106B51E100FB1FB2 /* ModeMakerIcon.icns */ = {isa = PBXFileReference; lastKnownFileType = image.icns; name = ModeMakerIcon.icns; path = Ancillaries/ModeMakerIcon.icns; sourceTree = "<group>"; };
		555F520D14428E2200B683E9 /* ModeMaker.entitlements */ = {isa = PBXFileReference; lastKnownFileType = text.xml; path = ModeMaker.entitlements; sourceTree = "<group>"; };
		556BC2B510716588009744A7 /* ModeMakerHelp */ = {isa = PBXFileReference; lastKnownFileType = folder; name = ModeMakerHelp; path = Ancillaries/ModeMakerHelp; sourceTree = "<group>"; };
		55E34FB210781395006A1470 /* BlobParticle.h */ = {isa = PBXFileReference; fileEncoding = 4; lastKnownFileType = sourcecode.c.h; path = BlobParticle.h; sourceTree = "<group>"; };
		55E34FB310781395006A1470 /* BlobParticle.m */ = {isa = PBXFileReference; fileEncoding = 4; lastKnownFileType = sourcecode.c.objc; path = BlobParticle.m; sourceTree = "<group>"; };
		55E34FB410781395006A1470 /* OvalParticle.h */ = {isa = PBXFileReference; fileEncoding = 4; lastKnownFileType = sourcecode.c.h; path = OvalParticle.h; sourceTree = "<group>"; };
		55E34FB510781395006A1470 /* OvalParticle.m */ = {isa = PBXFileReference; fileEncoding = 4; lastKnownFileType = sourcecode.c.objc; path = OvalParticle.m; sourceTree = "<group>"; };
		55E34FB610781395006A1470 /* ModeImageView.h */ = {isa = PBXFileReference; fileEncoding = 4; lastKnownFileType = sourcecode.c.h; path = ModeImageView.h; sourceTree = "<group>"; };
		55E34FB710781395006A1470 /* ModeImageView.m */ = {isa = PBXFileReference; fileEncoding = 4; lastKnownFileType = sourcecode.c.objc; path = ModeImageView.m; sourceTree = "<group>"; };
		55E34FB810781395006A1470 /* Particle.h */ = {isa = PBXFileReference; fileEncoding = 4; lastKnownFileType = sourcecode.c.h; path = Particle.h; sourceTree = "<group>"; };
		55E34FB910781395006A1470 /* Particle.m */ = {isa = PBXFileReference; fileEncoding = 4; lastKnownFileType = sourcecode.c.objc; path = Particle.m; sourceTree = "<group>"; };
		55E34FBA10781395006A1470 /* Phase.h */ = {isa = PBXFileReference; fileEncoding = 4; lastKnownFileType = sourcecode.c.h; path = Phase.h; sourceTree = "<group>"; };
		55E34FBB10781395006A1470 /* Phase.m */ = {isa = PBXFileReference; fileEncoding = 4; lastKnownFileType = sourcecode.c.objc; path = Phase.m; sourceTree = "<group>"; };
		55E34FBC10781395006A1470 /* PolygonParticle.h */ = {isa = PBXFileReference; fileEncoding = 4; lastKnownFileType = sourcecode.c.h; path = PolygonParticle.h; sourceTree = "<group>"; };
		55E34FBD10781395006A1470 /* PolygonParticle.m */ = {isa = PBXFileReference; fileEncoding = 4; lastKnownFileType = sourcecode.c.objc; path = PolygonParticle.m; sourceTree = "<group>"; };
		55E34FBE10781395006A1470 /* RectangleParticle.h */ = {isa = PBXFileReference; fileEncoding = 4; lastKnownFileType = sourcecode.c.h; path = RectangleParticle.h; sourceTree = "<group>"; };
		55E34FBF10781395006A1470 /* RectangleParticle.m */ = {isa = PBXFileReference; fileEncoding = 4; lastKnownFileType = sourcecode.c.objc; path = RectangleParticle.m; sourceTree = "<group>"; };
		8D15AC360486D014006FF6A4 /* Info.plist */ = {isa = PBXFileReference; fileEncoding = 4; lastKnownFileType = text.plist.xml; path = Info.plist; sourceTree = "<group>"; };
		8D15AC370486D014006FF6A4 /* ModeMaker.app */ = {isa = PBXFileReference; explicitFileType = wrapper.application; includeInIndex = 0; path = ModeMaker.app; sourceTree = BUILT_PRODUCTS_DIR; };
/* End PBXFileReference section */

/* Begin PBXFrameworksBuildPhase section */
		8D15AC330486D014006FF6A4 /* Frameworks */ = {
			isa = PBXFrameworksBuildPhase;
			buildActionMask = 2147483647;
			files = (
				8D15AC340486D014006FF6A4 /* Cocoa.framework in Frameworks */,
			);
			runOnlyForDeploymentPostprocessing = 0;
		};
/* End PBXFrameworksBuildPhase section */

/* Begin PBXGroup section */
		1058C7A6FEA54F5311CA2CBB /* Linked Frameworks */ = {
			isa = PBXGroup;
			children = (
				1058C7A7FEA54F5311CA2CBB /* Cocoa.framework */,
			);
			name = "Linked Frameworks";
			sourceTree = "<group>";
		};
		1058C7A8FEA54F5311CA2CBB /* Other Frameworks */ = {
			isa = PBXGroup;
			children = (
				2A37F4C4FDCFA73011CA2CEA /* AppKit.framework */,
				13E42FBA07B3F13500E4EEF1 /* CoreData.framework */,
				2A37F4C5FDCFA73011CA2CEA /* Foundation.framework */,
			);
			name = "Other Frameworks";
			sourceTree = "<group>";
		};
		19C28FB0FE9D524F11CA2CBB /* Products */ = {
			isa = PBXGroup;
			children = (
				8D15AC370486D014006FF6A4 /* ModeMaker.app */,
			);
			name = Products;
			sourceTree = "<group>";
		};
		2A37F4AAFDCFA73011CA2CEA /* ModeMaker */ = {
			isa = PBXGroup;
			children = (
				555F520D14428E2200B683E9 /* ModeMaker.entitlements */,
				2A37F4ABFDCFA73011CA2CEA /* Classes */,
				2A37F4AFFDCFA73011CA2CEA /* Other Sources */,
				2A37F4B8FDCFA73011CA2CEA /* Resources */,
				2A37F4C3FDCFA73011CA2CEA /* Frameworks */,
				19C28FB0FE9D524F11CA2CBB /* Products */,
			);
			name = ModeMaker;
			sourceTree = "<group>";
		};
		2A37F4ABFDCFA73011CA2CEA /* Classes */ = {
			isa = PBXGroup;
			children = (
				5535789B106AE16B00FB1FB2 /* ToDo */,
				55357661106A963A00FB1FB2 /* constants.h */,
				2A37F4AEFDCFA73011CA2CEA /* ModeMakerDoc.h */,
				2A37F4ACFDCFA73011CA2CEA /* ModeMakerDoc.m */,
				55E34FB210781395006A1470 /* BlobParticle.h */,
				55E34FB310781395006A1470 /* BlobParticle.m */,
				55E34FB410781395006A1470 /* OvalParticle.h */,
				55E34FB510781395006A1470 /* OvalParticle.m */,
				55E34FB610781395006A1470 /* ModeImageView.h */,
				55E34FB710781395006A1470 /* ModeImageView.m */,
				55E34FB810781395006A1470 /* Particle.h */,
				55E34FB910781395006A1470 /* Particle.m */,
				55E34FBA10781395006A1470 /* Phase.h */,
				55E34FBB10781395006A1470 /* Phase.m */,
				55E34FBC10781395006A1470 /* PolygonParticle.h */,
				55E34FBD10781395006A1470 /* PolygonParticle.m */,
				55E34FBE10781395006A1470 /* RectangleParticle.h */,
				55E34FBF10781395006A1470 /* RectangleParticle.m */,
				551A2AEF106881C2001510D1 /* StepValueTranformer.h */,
				551A2AF0106881C2001510D1 /* StepValueTranformer.m */,
			);
			name = Classes;
			sourceTree = "<group>";
		};
		2A37F4AFFDCFA73011CA2CEA /* Other Sources */ = {
			isa = PBXGroup;
			children = (
				32DBCF750370BD2300C91783 /* ModeMaker_Prefix.pch */,
				2A37F4B0FDCFA73011CA2CEA /* main.m */,
			);
			name = "Other Sources";
			sourceTree = "<group>";
		};
		2A37F4B8FDCFA73011CA2CEA /* Resources */ = {
			isa = PBXGroup;
			children = (
				556BC2B510716588009744A7 /* ModeMakerHelp */,
				2A37F4B9FDCFA73011CA2CEA /* Credits.rtf */,
				8D15AC360486D014006FF6A4 /* Info.plist */,
				55357AD7106B51E100FB1FB2 /* ModeMakerDocIcon.icns */,
				55357AD8106B51E100FB1FB2 /* ModeMakerIcon.icns */,
				089C165FFE840EACC02AAC07 /* InfoPlist.strings */,
				1DDD58280DA1D0D100B32029 /* ModeMakerDoc.xib */,
				1DDD582A0DA1D0D100B32029 /* MainMenu.xib */,
			);
			name = Resources;
			sourceTree = "<group>";
		};
		2A37F4C3FDCFA73011CA2CEA /* Frameworks */ = {
			isa = PBXGroup;
			children = (
				1058C7A6FEA54F5311CA2CBB /* Linked Frameworks */,
				1058C7A8FEA54F5311CA2CBB /* Other Frameworks */,
			);
			name = Frameworks;
			sourceTree = "<group>";
		};
/* End PBXGroup section */

/* Begin PBXNativeTarget section */
		8D15AC270486D014006FF6A4 /* ModeMaker */ = {
			isa = PBXNativeTarget;
			buildConfigurationList = C05733C708A9546B00998B17 /* Build configuration list for PBXNativeTarget "ModeMaker" */;
			buildPhases = (
				8D15AC2B0486D014006FF6A4 /* Resources */,
				8D15AC300486D014006FF6A4 /* Sources */,
				8D15AC330486D014006FF6A4 /* Frameworks */,
			);
			buildRules = (
			);
			dependencies = (
			);
			name = ModeMaker;
			productInstallPath = "$(HOME)/Applications";
			productName = ModeMaker;
			productReference = 8D15AC370486D014006FF6A4 /* ModeMaker.app */;
			productType = "com.apple.product-type.application";
		};
/* End PBXNativeTarget section */

/* Begin PBXProject section */
		2A37F4A9FDCFA73011CA2CEA /* Project object */ = {
			isa = PBXProject;
			attributes = {
				LastUpgradeCheck = 0410;
			};
			buildConfigurationList = C05733CB08A9546B00998B17 /* Build configuration list for PBXProject "ModeMaker" */;
			compatibilityVersion = "Xcode 3.2";
			developmentRegion = English;
			hasScannedForEncodings = 1;
			knownRegions = (
				en,
			);
			mainGroup = 2A37F4AAFDCFA73011CA2CEA /* ModeMaker */;
			projectDirPath = "";
			projectRoot = "";
			targets = (
				8D15AC270486D014006FF6A4 /* ModeMaker */,
			);
		};
/* End PBXProject section */

/* Begin PBXResourcesBuildPhase section */
		8D15AC2B0486D014006FF6A4 /* Resources */ = {
			isa = PBXResourcesBuildPhase;
			buildActionMask = 2147483647;
			files = (
				8D15AC2C0486D014006FF6A4 /* Credits.rtf in Resources */,
				8D15AC2F0486D014006FF6A4 /* InfoPlist.strings in Resources */,
				1DDD582C0DA1D0D100B32029 /* ModeMakerDoc.xib in Resources */,
				1DDD582D0DA1D0D100B32029 /* MainMenu.xib in Resources */,
				55357AD9106B51E100FB1FB2 /* ModeMakerDocIcon.icns in Resources */,
				55357ADA106B51E100FB1FB2 /* ModeMakerIcon.icns in Resources */,
				556BC2CB10716588009744A7 /* ModeMakerHelp in Resources */,
			);
			runOnlyForDeploymentPostprocessing = 0;
		};
/* End PBXResourcesBuildPhase section */

/* Begin PBXSourcesBuildPhase section */
		8D15AC300486D014006FF6A4 /* Sources */ = {
			isa = PBXSourcesBuildPhase;
			buildActionMask = 2147483647;
			files = (
				8D15AC310486D014006FF6A4 /* ModeMakerDoc.m in Sources */,
				8D15AC320486D014006FF6A4 /* main.m in Sources */,
				551A2AF5106881C2001510D1 /* StepValueTranformer.m in Sources */,
				55E34FC410781395006A1470 /* BlobParticle.m in Sources */,
				55E34FC510781395006A1470 /* OvalParticle.m in Sources */,
				55E34FC610781395006A1470 /* ModeImageView.m in Sources */,
				55E34FC710781395006A1470 /* Particle.m in Sources */,
				55E34FC810781395006A1470 /* Phase.m in Sources */,
				55E34FC910781395006A1470 /* PolygonParticle.m in Sources */,
				55E34FCA10781395006A1470 /* RectangleParticle.m in Sources */,
			);
			runOnlyForDeploymentPostprocessing = 0;
		};
/* End PBXSourcesBuildPhase section */

/* Begin PBXVariantGroup section */
		089C165FFE840EACC02AAC07 /* InfoPlist.strings */ = {
			isa = PBXVariantGroup;
			children = (
				089C1660FE840EACC02AAC07 /* English */,
			);
			name = InfoPlist.strings;
			sourceTree = "<group>";
		};
		1DDD58280DA1D0D100B32029 /* ModeMakerDoc.xib */ = {
			isa = PBXVariantGroup;
			children = (
				1DDD58290DA1D0D100B32029 /* English */,
			);
			name = ModeMakerDoc.xib;
			sourceTree = "<group>";
		};
		1DDD582A0DA1D0D100B32029 /* MainMenu.xib */ = {
			isa = PBXVariantGroup;
			children = (
				1DDD582B0DA1D0D100B32029 /* English */,
			);
			name = MainMenu.xib;
			sourceTree = "<group>";
		};
		2A37F4B9FDCFA73011CA2CEA /* Credits.rtf */ = {
			isa = PBXVariantGroup;
			children = (
				2A37F4BAFDCFA73011CA2CEA /* English */,
			);
			name = Credits.rtf;
			sourceTree = "<group>";
		};
/* End PBXVariantGroup section */

/* Begin XCBuildConfiguration section */
		C05733C808A9546B00998B17 /* Debug */ = {
			isa = XCBuildConfiguration;
			buildSettings = {
				ALWAYS_SEARCH_USER_PATHS = NO;
				BUILD_STYLE = Debug;
				CODE_SIGN_ENTITLEMENTS = ModeMaker.entitlements;
				CODE_SIGN_IDENTITY = "3rd Party Mac Developer Application";
				COPY_PHASE_STRIP = NO;
				GCC_DYNAMIC_NO_PIC = NO;
				GCC_MODEL_TUNING = G5;
				GCC_OPTIMIZATION_LEVEL = 0;
				GCC_PRECOMPILE_PREFIX_HEADER = YES;
				GCC_PREFIX_HEADER = ModeMaker_Prefix.pch;
				GCC_PREPROCESSOR_DEFINITIONS = "DH_DEBUG=1";
				GCC_VERSION = com.apple.compilers.llvm.clang.1_0;
				INFOPLIST_FILE = Info.plist;
				INSTALL_PATH = "$(HOME)/Applications";
				PRODUCT_NAME = ModeMaker;
				SDKROOT = macosx10.6;
			};
			name = Debug;
		};
		C05733C908A9546B00998B17 /* Release */ = {
			isa = XCBuildConfiguration;
			buildSettings = {
				ALWAYS_SEARCH_USER_PATHS = NO;
				BUILD_STYLE = Release;
				CODE_SIGN_ENTITLEMENTS = ModeMaker.entitlements;
				CODE_SIGN_IDENTITY = "3rd Party Mac Developer Application";
				DEBUG_INFORMATION_FORMAT = "dwarf-with-dsym";
				GCC_MODEL_TUNING = G5;
				GCC_PRECOMPILE_PREFIX_HEADER = YES;
				GCC_PREFIX_HEADER = ModeMaker_Prefix.pch;
				GCC_VERSION = com.apple.compilers.llvm.clang.1_0;
				INFOPLIST_FILE = Info.plist;
				INSTALL_PATH = "$(HOME)/Applications";
				PRODUCT_NAME = ModeMaker;
				SDKROOT = macosx10.6;
			};
			name = Release;
		};
		C05733CC08A9546B00998B17 /* Debug */ = {
			isa = XCBuildConfiguration;
			buildSettings = {
				ARCHS = "$(ARCHS_STANDARD_32_BIT)";
				BUILD_STYLE = Debug;
				GCC_C_LANGUAGE_STANDARD = c99;
				GCC_OPTIMIZATION_LEVEL = 0;
				GCC_VERSION = 4.0;
				GCC_WARN_ABOUT_RETURN_TYPE = YES;
				GCC_WARN_UNUSED_VARIABLE = YES;
				ONLY_ACTIVE_ARCH = YES;
				SDKROOT = macosx10.4;
			};
			name = Debug;
		};
		C05733CD08A9546B00998B17 /* Release */ = {
			isa = XCBuildConfiguration;
			buildSettings = {
				ARCHS = "$(ARCHS_STANDARD_32_BIT)";
				BUILD_STYLE = Release;
				GCC_C_LANGUAGE_STANDARD = c99;
				GCC_VERSION = 4.0;
				GCC_WARN_ABOUT_RETURN_TYPE = YES;
				GCC_WARN_UNUSED_VARIABLE = YES;
				SDKROOT = macosx10.4;
			};
			name = Release;
		};
/* End XCBuildConfiguration section */

/* Begin XCConfigurationList section */
		C05733C708A9546B00998B17 /* Build configuration list for PBXNativeTarget "ModeMaker" */ = {
			isa = XCConfigurationList;
			buildConfigurations = (
				C05733C808A9546B00998B17 /* Debug */,
				C05733C908A9546B00998B17 /* Release */,
			);
			defaultConfigurationIsVisible = 0;
			defaultConfigurationName = Release;
		};
		C05733CB08A9546B00998B17 /* Build configuration list for PBXProject "ModeMaker" */ = {
			isa = XCConfigurationList;
			buildConfigurations = (
				C05733CC08A9546B00998B17 /* Debug */,
				C05733CD08A9546B00998B17 /* Release */,
			);
			defaultConfigurationIsVisible = 0;
			defaultConfigurationName = Release;
		};
/* End XCConfigurationList section */
	};
	rootObject = 2A37F4A9FDCFA73011CA2CEA /* Project object */;
}
